
Microsoft Visual Studio Solution File, Format Version 12.00
# Visual Studio 15
Project("{FAE04EC0-301F-11D3-BF4B-00C04F79EFBC}") = "Assembly-CSharp-firstpass", "Assembly-CSharp-firstpass.csproj", "{D2C31D97-D519-8D38-70F4-41817A80B73A}"
EndProject
Project("{FAE04EC0-301F-11D3-BF4B-00C04F79EFBC}") = "Assembly-CSharp", "Assembly-CSharp.csproj", "{AD9BA863-8B80-DA70-DFBA-5D8D094E2118}"
EndProject
Global
	GlobalSection(SolutionConfigurationPlatforms) = preSolution
		Debug|Any CPU = Debug|Any CPU
		Release|Any CPU = Release|Any CPU
	EndGlobalSection
	GlobalSection(ProjectConfigurationPlatforms) = postSolution
		{D2C31D97-D519-8D38-70F4-41817A80B73A}.Debug|Any CPU.ActiveCfg = Debug|Any CPU
		{D2C31D97-D519-8D38-70F4-41817A80B73A}.Debug|Any CPU.Build.0 = Debug|Any CPU
		{D2C31D97-D519-8D38-70F4-41817A80B73A}.Release|Any CPU.ActiveCfg = Release|Any CPU
		{D2C31D97-D519-8D38-70F4-41817A80B73A}.Release|Any CPU.Build.0 = Release|Any CPU
		{AD9BA863-8B80-DA70-DFBA-5D8D094E2118}.Debug|Any CPU.ActiveCfg = Debug|Any CPU
		{AD9BA863-8B80-DA70-DFBA-5D8D094E2118}.Debug|Any CPU.Build.0 = Debug|Any CPU
		{AD9BA863-8B80-DA70-DFBA-5D8D094E2118}.Release|Any CPU.ActiveCfg = Release|Any CPU
		{AD9BA863-8B80-DA70-DFBA-5D8D094E2118}.Release|Any CPU.Build.0 = Release|Any CPU
	EndGlobalSection
	GlobalSection(SolutionProperties) = preSolution
		HideSolutionNode = FALSE
	EndGlobalSection
EndGlobal
